
Microsoft Visual Studio Solution File, Format Version 12.00
# Visual Studio Version 16
VisualStudioVersion = 16.0.30413.136
MinimumVisualStudioVersion = 10.0.40219.1
Project("{9A19103F-16F7-4668-BE54-9A1E7A4F7556}") = "W2U", "W2U\W2U.csproj", "{DA011661-B5F3-46FE-952B-CC2149D9CAF9}"
EndProject
Global
	GlobalSection(SolutionConfigurationPlatforms) = preSolution
		Debug|Any CPU = Debug|Any CPU
		Release|Any CPU = Release|Any CPU
	EndGlobalSection
	GlobalSection(ProjectConfigurationPlatforms) = postSolution
		{DA011661-B5F3-46FE-952B-CC2149D9CAF9}.Debug|Any CPU.ActiveCfg = Debug|Any CPU
		{DA011661-B5F3-46FE-952B-CC2149D9CAF9}.Debug|Any CPU.Build.0 = Debug|Any CPU
		{DA011661-B5F3-46FE-952B-CC2149D9CAF9}.Release|Any CPU.ActiveCfg = Release|Any CPU
		{DA011661-B5F3-46FE-952B-CC2149D9CAF9}.Release|Any CPU.Build.0 = Release|Any CPU
	EndGlobalSection
	GlobalSection(SolutionProperties) = preSolution
		HideSolutionNode = FALSE
	EndGlobalSection
	GlobalSection(ExtensibilityGlobals) = postSolution
		SolutionGuid = {B0B5B81F-11A3-4228-9F1B-8645783F64BC}
	EndGlobalSection
EndGlobal
